
Microsoft Visual Studio Solution File, Format Version 12.00
# Visual Studio Version 17
VisualStudioVersion = 17.1.32210.238
MinimumVisualStudioVersion = 10.0.40219.1
Project("{F184B08F-C81C-45F6-A57F-5ABD9991F28F}") = "Excel_VSTO", "Excel_VSTO.vbproj", "{B9703CA8-4903-4781-BEC7-13CF76097A8A}"
EndProject
Global
	GlobalSection(SolutionConfigurationPlatforms) = preSolution
		Debug|Any CPU = Debug|Any CPU
		Release|Any CPU = Release|Any CPU
	EndGlobalSection
	GlobalSection(ProjectConfigurationPlatforms) = postSolution
		{B9703CA8-4903-4781-BEC7-13CF76097A8A}.Debug|Any CPU.ActiveCfg = Debug|Any CPU
		{B9703CA8-4903-4781-BEC7-13CF76097A8A}.Debug|Any CPU.Build.0 = Debug|Any CPU
		{B9703CA8-4903-4781-BEC7-13CF76097A8A}.Release|Any CPU.ActiveCfg = Release|Any CPU
		{B9703CA8-4903-4781-BEC7-13CF76097A8A}.Release|Any CPU.Build.0 = Release|Any CPU
	EndGlobalSection
	GlobalSection(SolutionProperties) = preSolution
		HideSolutionNode = FALSE
	EndGlobalSection
	GlobalSection(ExtensibilityGlobals) = postSolution
		SolutionGuid = {1B73E512-99FB-4CFC-8B1F-3014A70E6879}
	EndGlobalSection
EndGlobal
